
Microsoft Visual Studio Solution File, Format Version 12.00
# Visual Studio Version 17
VisualStudioVersion = 17.8.34525.116
MinimumVisualStudioVersion = 10.0.40219.1
Project("{FAE04EC0-301F-11D3-BF4B-00C04F79EFBC}") = "MessageSender", "MessageSender.csproj", "{4A433A70-F7B7-4560-9B64-3D129DFD3890}"
EndProject
Project("{FAE04EC0-301F-11D3-BF4B-00C04F79EFBC}") = "MessageSender.Tests", "..\MessageSender.Tests\MessageSender.Tests.csproj", "{BCEF388D-53BA-4197-864A-B8126B49CB8D}"
EndProject
Global
	GlobalSection(SolutionConfigurationPlatforms) = preSolution
		Debug|Any CPU = Debug|Any CPU
		Release|Any CPU = Release|Any CPU
	EndGlobalSection
	GlobalSection(ProjectConfigurationPlatforms) = postSolution
		{4A433A70-F7B7-4560-9B64-3D129DFD3890}.Debug|Any CPU.ActiveCfg = Debug|Any CPU
		{4A433A70-F7B7-4560-9B64-3D129DFD3890}.Debug|Any CPU.Build.0 = Debug|Any CPU
		{4A433A70-F7B7-4560-9B64-3D129DFD3890}.Release|Any CPU.ActiveCfg = Release|Any CPU
		{4A433A70-F7B7-4560-9B64-3D129DFD3890}.Release|Any CPU.Build.0 = Release|Any CPU
		{BCEF388D-53BA-4197-864A-B8126B49CB8D}.Debug|Any CPU.ActiveCfg = Debug|Any CPU
		{BCEF388D-53BA-4197-864A-B8126B49CB8D}.Debug|Any CPU.Build.0 = Debug|Any CPU
		{BCEF388D-53BA-4197-864A-B8126B49CB8D}.Release|Any CPU.ActiveCfg = Release|Any CPU
		{BCEF388D-53BA-4197-864A-B8126B49CB8D}.Release|Any CPU.Build.0 = Release|Any CPU
	EndGlobalSection
	GlobalSection(SolutionProperties) = preSolution
		HideSolutionNode = FALSE
	EndGlobalSection
	GlobalSection(ExtensibilityGlobals) = postSolution
		SolutionGuid = {6F7981AD-EE40-4054-8A06-487AFEEFEA64}
	EndGlobalSection
EndGlobal
